
Microsoft Visual Studio Solution File, Format Version 12.00
# Visual Studio Version 17
VisualStudioVersion = 17.9.34714.143
MinimumVisualStudioVersion = 10.0.40219.1
Project("{FAE04EC0-301F-11D3-BF4B-00C04F79EFBC}") = "Game", "Game\Game.csproj", "{AF651BA7-77B6-4301-8329-C9FE080494E2}"
EndProject
Global
	GlobalSection(SolutionConfigurationPlatforms) = preSolution
		Debug|Any CPU = Debug|Any CPU
		Release|Any CPU = Release|Any CPU
	EndGlobalSection
	GlobalSection(ProjectConfigurationPlatforms) = postSolution
		{AF651BA7-77B6-4301-8329-C9FE080494E2}.Debug|Any CPU.ActiveCfg = Debug|Any CPU
		{AF651BA7-77B6-4301-8329-C9FE080494E2}.Debug|Any CPU.Build.0 = Debug|Any CPU
		{AF651BA7-77B6-4301-8329-C9FE080494E2}.Release|Any CPU.ActiveCfg = Release|Any CPU
		{AF651BA7-77B6-4301-8329-C9FE080494E2}.Release|Any CPU.Build.0 = Release|Any CPU
	EndGlobalSection
	GlobalSection(SolutionProperties) = preSolution
		HideSolutionNode = FALSE
	EndGlobalSection
	GlobalSection(ExtensibilityGlobals) = postSolution
		SolutionGuid = {EE52A832-C330-4365-819A-954F94308947}
	EndGlobalSection
EndGlobal
