
Microsoft Visual Studio Solution File, Format Version 12.00
# Visual Studio Version 17
VisualStudioVersion = 17.9.34714.143
MinimumVisualStudioVersion = 10.0.40219.1
Project("{FAE04EC0-301F-11D3-BF4B-00C04F79EFBC}") = "Game", "Game\Game.csproj", "{CEFFB488-D125-45EA-B86B-A85135D398AB}"
EndProject
Global
	GlobalSection(SolutionConfigurationPlatforms) = preSolution
		Debug|Any CPU = Debug|Any CPU
		Release|Any CPU = Release|Any CPU
	EndGlobalSection
	GlobalSection(ProjectConfigurationPlatforms) = postSolution
		{CEFFB488-D125-45EA-B86B-A85135D398AB}.Debug|Any CPU.ActiveCfg = Debug|Any CPU
		{CEFFB488-D125-45EA-B86B-A85135D398AB}.Debug|Any CPU.Build.0 = Debug|Any CPU
		{CEFFB488-D125-45EA-B86B-A85135D398AB}.Release|Any CPU.ActiveCfg = Release|Any CPU
		{CEFFB488-D125-45EA-B86B-A85135D398AB}.Release|Any CPU.Build.0 = Release|Any CPU
	EndGlobalSection
	GlobalSection(SolutionProperties) = preSolution
		HideSolutionNode = FALSE
	EndGlobalSection
	GlobalSection(ExtensibilityGlobals) = postSolution
		SolutionGuid = {D0983FC3-E6E0-480E-A06D-FFC8FEA0B3E5}
	EndGlobalSection
EndGlobal
